
Microsoft Visual Studio Solution File, Format Version 11.00
# Visual Studio 2010
Project("{FAE04EC0-301F-11D3-BF4B-00C04F79EFBC}") = "Lampiao - A carreira 2D", "Assembly-CSharp.csproj", "{AB0E3FAB-449C-89C6-1F3B-9A02ACC85B0E}"
EndProject
Project("{FAE04EC0-301F-11D3-BF4B-00C04F79EFBC}") = "Lampiao - A carreira 2D", "Assembly-CSharp-Editor.csproj", "{2849A9E3-7225-8943-32AA-75D8165075AA}"
EndProject
Global
	GlobalSection(SolutionConfigurationPlatforms) = preSolution
		Debug|Any CPU = Debug|Any CPU
		Release|Any CPU = Release|Any CPU
	EndGlobalSection
	GlobalSection(ProjectConfigurationPlatforms) = postSolution
		{AB0E3FAB-449C-89C6-1F3B-9A02ACC85B0E}.Debug|Any CPU.ActiveCfg = Debug|Any CPU
		{AB0E3FAB-449C-89C6-1F3B-9A02ACC85B0E}.Debug|Any CPU.Build.0 = Debug|Any CPU
		{AB0E3FAB-449C-89C6-1F3B-9A02ACC85B0E}.Release|Any CPU.ActiveCfg = Release|Any CPU
		{AB0E3FAB-449C-89C6-1F3B-9A02ACC85B0E}.Release|Any CPU.Build.0 = Release|Any CPU
		{2849A9E3-7225-8943-32AA-75D8165075AA}.Debug|Any CPU.ActiveCfg = Debug|Any CPU
		{2849A9E3-7225-8943-32AA-75D8165075AA}.Debug|Any CPU.Build.0 = Debug|Any CPU
		{2849A9E3-7225-8943-32AA-75D8165075AA}.Release|Any CPU.ActiveCfg = Release|Any CPU
		{2849A9E3-7225-8943-32AA-75D8165075AA}.Release|Any CPU.Build.0 = Release|Any CPU
	EndGlobalSection
	GlobalSection(SolutionProperties) = preSolution
		HideSolutionNode = FALSE
	EndGlobalSection
	GlobalSection(MonoDevelopProperties) = preSolution
		StartupItem = Assembly-CSharp.csproj
	EndGlobalSection
EndGlobal
